
Microsoft Visual Studio Solution File, Format Version 12.00
# Visual Studio Version 16
VisualStudioVersion = 16.0.30011.22
MinimumVisualStudioVersion = 10.0.40219.1
Project("{FAE04EC0-301F-11D3-BF4B-00C04F79EFBC}") = "CoursesManagement.Services.Courses", "CoursesManagement.Services.Courses\CoursesManagement.Services.Courses.csproj", "{153820E8-329D-4A74-99D3-175AA0DFFA05}"
EndProject
Project("{9A19103F-16F7-4668-BE54-9A1E7A4F7556}") = "CoursesManagement.Common", "..\CoursesManagement.Common\CoursesManagement.Common\CoursesManagement.Common\CoursesManagement.Common.csproj", "{34F3687C-DF29-47AD-9656-144F47F1279B}"
EndProject
Global
	GlobalSection(SolutionConfigurationPlatforms) = preSolution
		Debug|Any CPU = Debug|Any CPU
		Release|Any CPU = Release|Any CPU
	EndGlobalSection
	GlobalSection(ProjectConfigurationPlatforms) = postSolution
		{153820E8-329D-4A74-99D3-175AA0DFFA05}.Debug|Any CPU.ActiveCfg = Debug|Any CPU
		{153820E8-329D-4A74-99D3-175AA0DFFA05}.Debug|Any CPU.Build.0 = Debug|Any CPU
		{153820E8-329D-4A74-99D3-175AA0DFFA05}.Release|Any CPU.ActiveCfg = Release|Any CPU
		{153820E8-329D-4A74-99D3-175AA0DFFA05}.Release|Any CPU.Build.0 = Release|Any CPU
		{34F3687C-DF29-47AD-9656-144F47F1279B}.Debug|Any CPU.ActiveCfg = Debug|Any CPU
		{34F3687C-DF29-47AD-9656-144F47F1279B}.Debug|Any CPU.Build.0 = Debug|Any CPU
		{34F3687C-DF29-47AD-9656-144F47F1279B}.Release|Any CPU.ActiveCfg = Release|Any CPU
		{34F3687C-DF29-47AD-9656-144F47F1279B}.Release|Any CPU.Build.0 = Release|Any CPU
	EndGlobalSection
	GlobalSection(SolutionProperties) = preSolution
		HideSolutionNode = FALSE
	EndGlobalSection
	GlobalSection(ExtensibilityGlobals) = postSolution
		SolutionGuid = {83BDA299-1769-4D15-B849-D6C3FB6917FB}
	EndGlobalSection
EndGlobal
